
Microsoft Visual Studio Solution File, Format Version 12.00
# Visual Studio Version 17
VisualStudioVersion = 17.7.34009.444
MinimumVisualStudioVersion = 10.0.40219.1
Project("{9A19103F-16F7-4668-BE54-9A1E7A4F7556}") = "FinApp.Domain", "FinApp.Domain\FinApp.Domain.csproj", "{AFDFC800-D7A2-4407-A498-EFB026234E7B}"
EndProject
Project("{9A19103F-16F7-4668-BE54-9A1E7A4F7556}") = "FinApp.Web", "FinApp.Web\FinApp.Web.csproj", "{7DB1608B-7267-488B-B16B-4FC624A34296}"
EndProject
Project("{9A19103F-16F7-4668-BE54-9A1E7A4F7556}") = "FinApp.Application", "FinApp.Application\FinApp.Application.csproj", "{080FA4ED-351C-4E4D-B814-A63549897B3F}"
EndProject
Project("{9A19103F-16F7-4668-BE54-9A1E7A4F7556}") = "FinApp.Infrastructure", "FinApp.Infrastructure\FinApp.Infrastructure.csproj", "{14172A92-F3C2-45B6-A87F-F38478771E29}"
EndProject
Project("{9A19103F-16F7-4668-BE54-9A1E7A4F7556}") = "FinApp.Presentation", "FinApp.Presentation\FinApp.Presentation.csproj", "{055E931F-2BA0-4719-BFFC-A158045E5A87}"
EndProject
Global
	GlobalSection(SolutionConfigurationPlatforms) = preSolution
		Debug|Any CPU = Debug|Any CPU
		Release|Any CPU = Release|Any CPU
	EndGlobalSection
	GlobalSection(ProjectConfigurationPlatforms) = postSolution
		{AFDFC800-D7A2-4407-A498-EFB026234E7B}.Debug|Any CPU.ActiveCfg = Debug|Any CPU
		{AFDFC800-D7A2-4407-A498-EFB026234E7B}.Debug|Any CPU.Build.0 = Debug|Any CPU
		{AFDFC800-D7A2-4407-A498-EFB026234E7B}.Release|Any CPU.ActiveCfg = Release|Any CPU
		{AFDFC800-D7A2-4407-A498-EFB026234E7B}.Release|Any CPU.Build.0 = Release|Any CPU
		{7DB1608B-7267-488B-B16B-4FC624A34296}.Debug|Any CPU.ActiveCfg = Debug|Any CPU
		{7DB1608B-7267-488B-B16B-4FC624A34296}.Debug|Any CPU.Build.0 = Debug|Any CPU
		{7DB1608B-7267-488B-B16B-4FC624A34296}.Release|Any CPU.ActiveCfg = Release|Any CPU
		{7DB1608B-7267-488B-B16B-4FC624A34296}.Release|Any CPU.Build.0 = Release|Any CPU
		{080FA4ED-351C-4E4D-B814-A63549897B3F}.Debug|Any CPU.ActiveCfg = Debug|Any CPU
		{080FA4ED-351C-4E4D-B814-A63549897B3F}.Debug|Any CPU.Build.0 = Debug|Any CPU
		{080FA4ED-351C-4E4D-B814-A63549897B3F}.Release|Any CPU.ActiveCfg = Release|Any CPU
		{080FA4ED-351C-4E4D-B814-A63549897B3F}.Release|Any CPU.Build.0 = Release|Any CPU
		{14172A92-F3C2-45B6-A87F-F38478771E29}.Debug|Any CPU.ActiveCfg = Debug|Any CPU
		{14172A92-F3C2-45B6-A87F-F38478771E29}.Debug|Any CPU.Build.0 = Debug|Any CPU
		{14172A92-F3C2-45B6-A87F-F38478771E29}.Release|Any CPU.ActiveCfg = Release|Any CPU
		{14172A92-F3C2-45B6-A87F-F38478771E29}.Release|Any CPU.Build.0 = Release|Any CPU
		{055E931F-2BA0-4719-BFFC-A158045E5A87}.Debug|Any CPU.ActiveCfg = Debug|Any CPU
		{055E931F-2BA0-4719-BFFC-A158045E5A87}.Debug|Any CPU.Build.0 = Debug|Any CPU
		{055E931F-2BA0-4719-BFFC-A158045E5A87}.Release|Any CPU.ActiveCfg = Release|Any CPU
		{055E931F-2BA0-4719-BFFC-A158045E5A87}.Release|Any CPU.Build.0 = Release|Any CPU
	EndGlobalSection
	GlobalSection(SolutionProperties) = preSolution
		HideSolutionNode = FALSE
	EndGlobalSection
	GlobalSection(ExtensibilityGlobals) = postSolution
		SolutionGuid = {7A9944CD-5163-4024-B89C-B8D79B08B7A2}
	EndGlobalSection
EndGlobal
